
Microsoft Visual Studio Solution File, Format Version 12.00
# Visual Studio 15
VisualStudioVersion = 15.0.27130.2010
MinimumVisualStudioVersion = 10.0.40219.1
Project("{FAE04EC0-301F-11D3-BF4B-00C04F79EFBC}") = "KranProjektOpenGL", "KranProjektOpenGL\KranProjektOpenGL.csproj", "{DD5581E9-68B6-4F34-B1EB-132D85E05C9B}"
EndProject
Global
	GlobalSection(SolutionConfigurationPlatforms) = preSolution
		Debug|Any CPU = Debug|Any CPU
		Release|Any CPU = Release|Any CPU
	EndGlobalSection
	GlobalSection(ProjectConfigurationPlatforms) = postSolution
		{DD5581E9-68B6-4F34-B1EB-132D85E05C9B}.Debug|Any CPU.ActiveCfg = Debug|Any CPU
		{DD5581E9-68B6-4F34-B1EB-132D85E05C9B}.Debug|Any CPU.Build.0 = Debug|Any CPU
		{DD5581E9-68B6-4F34-B1EB-132D85E05C9B}.Release|Any CPU.ActiveCfg = Release|Any CPU
		{DD5581E9-68B6-4F34-B1EB-132D85E05C9B}.Release|Any CPU.Build.0 = Release|Any CPU
	EndGlobalSection
	GlobalSection(SolutionProperties) = preSolution
		HideSolutionNode = FALSE
	EndGlobalSection
	GlobalSection(ExtensibilityGlobals) = postSolution
		SolutionGuid = {7185AA80-A3FC-43AA-97F5-6688AB37E622}
	EndGlobalSection
EndGlobal
